
Microsoft Visual Studio Solution File, Format Version 12.00
# Visual Studio Version 17
VisualStudioVersion = 17.11.35327.3
MinimumVisualStudioVersion = 10.0.40219.1
Project("{FAE04EC0-301F-11D3-BF4B-00C04F79EFBC}") = "OnlineFormProject", "OnlineFormProject\OnlineFormProject.csproj", "{FC1AE069-33F1-4DC8-8690-5C25D7EAB612}"
EndProject
Global
	GlobalSection(SolutionConfigurationPlatforms) = preSolution
		Debug|Any CPU = Debug|Any CPU
		Release|Any CPU = Release|Any CPU
	EndGlobalSection
	GlobalSection(ProjectConfigurationPlatforms) = postSolution
		{FC1AE069-33F1-4DC8-8690-5C25D7EAB612}.Debug|Any CPU.ActiveCfg = Debug|Any CPU
		{FC1AE069-33F1-4DC8-8690-5C25D7EAB612}.Debug|Any CPU.Build.0 = Debug|Any CPU
		{FC1AE069-33F1-4DC8-8690-5C25D7EAB612}.Release|Any CPU.ActiveCfg = Release|Any CPU
		{FC1AE069-33F1-4DC8-8690-5C25D7EAB612}.Release|Any CPU.Build.0 = Release|Any CPU
	EndGlobalSection
	GlobalSection(SolutionProperties) = preSolution
		HideSolutionNode = FALSE
	EndGlobalSection
	GlobalSection(ExtensibilityGlobals) = postSolution
		SolutionGuid = {F55AF0DE-B256-4B06-8EE5-3461751D0982}
	EndGlobalSection
EndGlobal
